
Microsoft Visual Studio Solution File, Format Version 12.00
# Visual Studio Version 17
VisualStudioVersion = 17.11.35327.3
MinimumVisualStudioVersion = 10.0.40219.1
Project("{9A19103F-16F7-4668-BE54-9A1E7A4F7556}") = "BeyondthePagesApp", "BeyondthePagesApp\BeyondthePagesApp.csproj", "{21F39B09-006C-465E-B872-3F2D06F023F9}"
EndProject
Project("{9A19103F-16F7-4668-BE54-9A1E7A4F7556}") = "BeyondthePagesApp.Library", "BeyondthePagesApp.Library\BeyondthePagesApp.Library.csproj", "{154E239A-C109-4F88-A972-D7E613946604}"
EndProject
Project("{9A19103F-16F7-4668-BE54-9A1E7A4F7556}") = "BeyondthePagesApp.Client", "BeyondthePagesApp.Client\BeyondthePagesApp.Client.csproj", "{5618FE09-3A16-40A1-835E-7C73A9C831D0}"
EndProject
Project("{9A19103F-16F7-4668-BE54-9A1E7A4F7556}") = "BeyondthePagesApp.ComponentsLibrary", "BeyondthePagesApp.ComponentsLibrary\BeyondthePagesApp.ComponentsLibrary.csproj", "{88C301E6-1CC4-4335-9DDA-616DEBFCDE9A}"
EndProject
Project("{9A19103F-16F7-4668-BE54-9A1E7A4F7556}") = "BeyondthePagesApp.Tests", "BeyondthePagesApp.Tests\BeyondthePagesApp.Tests.csproj", "{13F028D2-287E-41E3-A469-222540396060}"
EndProject
Global
	GlobalSection(SolutionConfigurationPlatforms) = preSolution
		Debug|Any CPU = Debug|Any CPU
		Release|Any CPU = Release|Any CPU
	EndGlobalSection
	GlobalSection(ProjectConfigurationPlatforms) = postSolution
		{21F39B09-006C-465E-B872-3F2D06F023F9}.Debug|Any CPU.ActiveCfg = Debug|Any CPU
		{21F39B09-006C-465E-B872-3F2D06F023F9}.Debug|Any CPU.Build.0 = Debug|Any CPU
		{21F39B09-006C-465E-B872-3F2D06F023F9}.Release|Any CPU.ActiveCfg = Release|Any CPU
		{21F39B09-006C-465E-B872-3F2D06F023F9}.Release|Any CPU.Build.0 = Release|Any CPU
		{154E239A-C109-4F88-A972-D7E613946604}.Debug|Any CPU.ActiveCfg = Debug|Any CPU
		{154E239A-C109-4F88-A972-D7E613946604}.Debug|Any CPU.Build.0 = Debug|Any CPU
		{154E239A-C109-4F88-A972-D7E613946604}.Release|Any CPU.ActiveCfg = Release|Any CPU
		{154E239A-C109-4F88-A972-D7E613946604}.Release|Any CPU.Build.0 = Release|Any CPU
		{5618FE09-3A16-40A1-835E-7C73A9C831D0}.Debug|Any CPU.ActiveCfg = Debug|Any CPU
		{5618FE09-3A16-40A1-835E-7C73A9C831D0}.Debug|Any CPU.Build.0 = Debug|Any CPU
		{5618FE09-3A16-40A1-835E-7C73A9C831D0}.Release|Any CPU.ActiveCfg = Release|Any CPU
		{5618FE09-3A16-40A1-835E-7C73A9C831D0}.Release|Any CPU.Build.0 = Release|Any CPU
		{88C301E6-1CC4-4335-9DDA-616DEBFCDE9A}.Debug|Any CPU.ActiveCfg = Debug|Any CPU
		{88C301E6-1CC4-4335-9DDA-616DEBFCDE9A}.Debug|Any CPU.Build.0 = Debug|Any CPU
		{88C301E6-1CC4-4335-9DDA-616DEBFCDE9A}.Release|Any CPU.ActiveCfg = Release|Any CPU
		{88C301E6-1CC4-4335-9DDA-616DEBFCDE9A}.Release|Any CPU.Build.0 = Release|Any CPU
		{13F028D2-287E-41E3-A469-222540396060}.Debug|Any CPU.ActiveCfg = Debug|Any CPU
		{13F028D2-287E-41E3-A469-222540396060}.Debug|Any CPU.Build.0 = Debug|Any CPU
		{13F028D2-287E-41E3-A469-222540396060}.Release|Any CPU.ActiveCfg = Release|Any CPU
		{13F028D2-287E-41E3-A469-222540396060}.Release|Any CPU.Build.0 = Release|Any CPU
	EndGlobalSection
	GlobalSection(SolutionProperties) = preSolution
		HideSolutionNode = FALSE
	EndGlobalSection
	GlobalSection(ExtensibilityGlobals) = postSolution
		SolutionGuid = {45A1BA40-35FC-414A-BE94-666A777F3AC6}
	EndGlobalSection
EndGlobal
